
Microsoft Visual Studio Solution File, Format Version 12.00
# Visual Studio Version 17
VisualStudioVersion = 17.0.32014.148
MinimumVisualStudioVersion = 10.0.40219.1
Project("{FAE04EC0-301F-11D3-BF4B-00C04F79EFBC}") = "HomeWorkWeek6", "HomeWorkWeek6\HomeWorkWeek6.csproj", "{88FA5875-53DA-4EE4-8FCE-641AE6CA2B80}"
EndProject
Global
	GlobalSection(SolutionConfigurationPlatforms) = preSolution
		Debug|Any CPU = Debug|Any CPU
		Release|Any CPU = Release|Any CPU
	EndGlobalSection
	GlobalSection(ProjectConfigurationPlatforms) = postSolution
		{88FA5875-53DA-4EE4-8FCE-641AE6CA2B80}.Debug|Any CPU.ActiveCfg = Debug|Any CPU
		{88FA5875-53DA-4EE4-8FCE-641AE6CA2B80}.Debug|Any CPU.Build.0 = Debug|Any CPU
		{88FA5875-53DA-4EE4-8FCE-641AE6CA2B80}.Release|Any CPU.ActiveCfg = Release|Any CPU
		{88FA5875-53DA-4EE4-8FCE-641AE6CA2B80}.Release|Any CPU.Build.0 = Release|Any CPU
	EndGlobalSection
	GlobalSection(SolutionProperties) = preSolution
		HideSolutionNode = FALSE
	EndGlobalSection
	GlobalSection(ExtensibilityGlobals) = postSolution
		SolutionGuid = {7BCCDCFD-2F1A-4583-B3E5-80C33C786D92}
	EndGlobalSection
EndGlobal
