
Microsoft Visual Studio Solution File, Format Version 12.00
# Visual Studio Version 17
VisualStudioVersion = 17.0.32014.148
MinimumVisualStudioVersion = 10.0.40219.1
Project("{FAE04EC0-301F-11D3-BF4B-00C04F79EFBC}") = "HomeWorkWeek8", "HomeWorkWeek8\HomeWorkWeek8.csproj", "{4B4AB2DF-7E11-4B68-97ED-AAF1C5767A49}"
EndProject
Global
	GlobalSection(SolutionConfigurationPlatforms) = preSolution
		Debug|Any CPU = Debug|Any CPU
		Release|Any CPU = Release|Any CPU
	EndGlobalSection
	GlobalSection(ProjectConfigurationPlatforms) = postSolution
		{4B4AB2DF-7E11-4B68-97ED-AAF1C5767A49}.Debug|Any CPU.ActiveCfg = Debug|Any CPU
		{4B4AB2DF-7E11-4B68-97ED-AAF1C5767A49}.Debug|Any CPU.Build.0 = Debug|Any CPU
		{4B4AB2DF-7E11-4B68-97ED-AAF1C5767A49}.Release|Any CPU.ActiveCfg = Release|Any CPU
		{4B4AB2DF-7E11-4B68-97ED-AAF1C5767A49}.Release|Any CPU.Build.0 = Release|Any CPU
	EndGlobalSection
	GlobalSection(SolutionProperties) = preSolution
		HideSolutionNode = FALSE
	EndGlobalSection
	GlobalSection(ExtensibilityGlobals) = postSolution
		SolutionGuid = {ACBF37D4-858C-4EC4-B430-AC6E5DF77480}
	EndGlobalSection
EndGlobal
